
Microsoft Visual Studio Solution File, Format Version 12.00
# Visual Studio Version 16
VisualStudioVersion = 16.0.31313.79
MinimumVisualStudioVersion = 10.0.40219.1
Project("{FAE04EC0-301F-11D3-BF4B-00C04F79EFBC}") = "Loginsystem2", "Loginsystem2\Loginsystem2.csproj", "{0DB921E0-0FAB-4640-A293-2A5C39FAACC7}"
EndProject
Global
	GlobalSection(SolutionConfigurationPlatforms) = preSolution
		Debug|Any CPU = Debug|Any CPU
		Release|Any CPU = Release|Any CPU
	EndGlobalSection
	GlobalSection(ProjectConfigurationPlatforms) = postSolution
		{0DB921E0-0FAB-4640-A293-2A5C39FAACC7}.Debug|Any CPU.ActiveCfg = Debug|Any CPU
		{0DB921E0-0FAB-4640-A293-2A5C39FAACC7}.Debug|Any CPU.Build.0 = Debug|Any CPU
		{0DB921E0-0FAB-4640-A293-2A5C39FAACC7}.Release|Any CPU.ActiveCfg = Release|Any CPU
		{0DB921E0-0FAB-4640-A293-2A5C39FAACC7}.Release|Any CPU.Build.0 = Release|Any CPU
	EndGlobalSection
	GlobalSection(SolutionProperties) = preSolution
		HideSolutionNode = FALSE
	EndGlobalSection
	GlobalSection(ExtensibilityGlobals) = postSolution
		SolutionGuid = {7F29E146-3A20-45AD-A64D-D5EAE3CB6443}
	EndGlobalSection
EndGlobal
